
Microsoft Visual Studio Solution File, Format Version 12.00
# Visual Studio 14
VisualStudioVersion = 14.0.25420.1
MinimumVisualStudioVersion = 10.0.40219.1
Project("{FAE04EC0-301F-11D3-BF4B-00C04F79EFBC}") = "EntityFrameworkTester", "EntityFrameworkTester.csproj", "{326C30F2-7887-4192-81A8-D22CCBECC168}"
EndProject
Project("{FAE04EC0-301F-11D3-BF4B-00C04F79EFBC}") = "ORM", "ORM\ORM.csproj", "{703ED83B-8561-48DC-92D7-D291A80D4F33}"
EndProject
Project("{FAE04EC0-301F-11D3-BF4B-00C04F79EFBC}") = "DAL", "DAL\DAL.csproj", "{D9D57591-8765-4669-99BD-451F1453E8CE}"
EndProject
Global
	GlobalSection(SolutionConfigurationPlatforms) = preSolution
		Debug|Any CPU = Debug|Any CPU
		Release|Any CPU = Release|Any CPU
	EndGlobalSection
	GlobalSection(ProjectConfigurationPlatforms) = postSolution
		{326C30F2-7887-4192-81A8-D22CCBECC168}.Debug|Any CPU.ActiveCfg = Debug|Any CPU
		{326C30F2-7887-4192-81A8-D22CCBECC168}.Debug|Any CPU.Build.0 = Debug|Any CPU
		{326C30F2-7887-4192-81A8-D22CCBECC168}.Release|Any CPU.ActiveCfg = Release|Any CPU
		{326C30F2-7887-4192-81A8-D22CCBECC168}.Release|Any CPU.Build.0 = Release|Any CPU
		{703ED83B-8561-48DC-92D7-D291A80D4F33}.Debug|Any CPU.ActiveCfg = Debug|Any CPU
		{703ED83B-8561-48DC-92D7-D291A80D4F33}.Debug|Any CPU.Build.0 = Debug|Any CPU
		{703ED83B-8561-48DC-92D7-D291A80D4F33}.Release|Any CPU.ActiveCfg = Release|Any CPU
		{703ED83B-8561-48DC-92D7-D291A80D4F33}.Release|Any CPU.Build.0 = Release|Any CPU
		{D9D57591-8765-4669-99BD-451F1453E8CE}.Debug|Any CPU.ActiveCfg = Debug|Any CPU
		{D9D57591-8765-4669-99BD-451F1453E8CE}.Debug|Any CPU.Build.0 = Debug|Any CPU
		{D9D57591-8765-4669-99BD-451F1453E8CE}.Release|Any CPU.ActiveCfg = Release|Any CPU
		{D9D57591-8765-4669-99BD-451F1453E8CE}.Release|Any CPU.Build.0 = Release|Any CPU
	EndGlobalSection
	GlobalSection(SolutionProperties) = preSolution
		HideSolutionNode = FALSE
	EndGlobalSection
EndGlobal
